
Microsoft Visual Studio Solution File, Format Version 12.00
# Visual Studio Version 16
VisualStudioVersion = 16.0.29319.158
MinimumVisualStudioVersion = 15.0.26124.0
Project("{FAE04EC0-301F-11D3-BF4B-00C04F79EFBC}") = "CommunicationBetweenViewModels", "CommunicationBetweenViewModels\CommunicationBetweenViewModels.csproj", "{F74906ED-F41C-4404-B5D7-C441B64BA27D}"
EndProject
Global
	GlobalSection(SolutionConfigurationPlatforms) = preSolution
		Debug|Any CPU = Debug|Any CPU
		Debug|x64 = Debug|x64
		Debug|x86 = Debug|x86
		Release|Any CPU = Release|Any CPU
		Release|x64 = Release|x64
		Release|x86 = Release|x86
	EndGlobalSection
	GlobalSection(ProjectConfigurationPlatforms) = postSolution
		{F74906ED-F41C-4404-B5D7-C441B64BA27D}.Debug|Any CPU.ActiveCfg = Debug|Any CPU
		{F74906ED-F41C-4404-B5D7-C441B64BA27D}.Debug|Any CPU.Build.0 = Debug|Any CPU
		{F74906ED-F41C-4404-B5D7-C441B64BA27D}.Debug|x64.ActiveCfg = Debug|Any CPU
		{F74906ED-F41C-4404-B5D7-C441B64BA27D}.Debug|x64.Build.0 = Debug|Any CPU
		{F74906ED-F41C-4404-B5D7-C441B64BA27D}.Debug|x86.ActiveCfg = Debug|Any CPU
		{F74906ED-F41C-4404-B5D7-C441B64BA27D}.Debug|x86.Build.0 = Debug|Any CPU
		{F74906ED-F41C-4404-B5D7-C441B64BA27D}.Release|Any CPU.ActiveCfg = Release|Any CPU
		{F74906ED-F41C-4404-B5D7-C441B64BA27D}.Release|Any CPU.Build.0 = Release|Any CPU
		{F74906ED-F41C-4404-B5D7-C441B64BA27D}.Release|x64.ActiveCfg = Release|Any CPU
		{F74906ED-F41C-4404-B5D7-C441B64BA27D}.Release|x64.Build.0 = Release|Any CPU
		{F74906ED-F41C-4404-B5D7-C441B64BA27D}.Release|x86.ActiveCfg = Release|Any CPU
		{F74906ED-F41C-4404-B5D7-C441B64BA27D}.Release|x86.Build.0 = Release|Any CPU
	EndGlobalSection
	GlobalSection(SolutionProperties) = preSolution
		HideSolutionNode = FALSE
	EndGlobalSection
	GlobalSection(ExtensibilityGlobals) = postSolution
		SolutionGuid = {8922D6EA-AE89-4273-A894-41545AD2B811}
	EndGlobalSection
EndGlobal
